
Microsoft Visual Studio Solution File, Format Version 10.00
# Visual Studio 2008
Project("{FAE04EC0-301F-11D3-BF4B-00C04F79EFBC}") = "Deploying Reports in Reporting Services Programmatically", "Deploying Reports in Reporting Services Programmatically\Deploying Reports in Reporting Services Programmatically.csproj", "{1FC42631-B9F1-4A89-B0BC-18109F48A6B2}"
EndProject
Global
	GlobalSection(SolutionConfigurationPlatforms) = preSolution
		Debug|Any CPU = Debug|Any CPU
		Release|Any CPU = Release|Any CPU
	EndGlobalSection
	GlobalSection(ProjectConfigurationPlatforms) = postSolution
		{1FC42631-B9F1-4A89-B0BC-18109F48A6B2}.Debug|Any CPU.ActiveCfg = Debug|Any CPU
		{1FC42631-B9F1-4A89-B0BC-18109F48A6B2}.Debug|Any CPU.Build.0 = Debug|Any CPU
		{1FC42631-B9F1-4A89-B0BC-18109F48A6B2}.Release|Any CPU.ActiveCfg = Release|Any CPU
		{1FC42631-B9F1-4A89-B0BC-18109F48A6B2}.Release|Any CPU.Build.0 = Release|Any CPU
	EndGlobalSection
	GlobalSection(SolutionProperties) = preSolution
		HideSolutionNode = FALSE
	EndGlobalSection
EndGlobal
