
Microsoft Visual Studio Solution File, Format Version 12.00
# Visual Studio 2013
VisualStudioVersion = 12.0.40629.0
MinimumVisualStudioVersion = 10.0.40219.1
Project("{FAE04EC0-301F-11D3-BF4B-00C04F79EFBC}") = "ASPMVCWEbApiSample", "ASPMVCWEbApiSample\ASPMVCWEbApiSample.csproj", "{39A2B17E-6D2E-43B7-905C-C065C8FFBD1B}"
EndProject
Project("{FAE04EC0-301F-11D3-BF4B-00C04F79EFBC}") = "CallWebApi", "CallWebApi\CallWebApi.csproj", "{DD453D7E-C1D0-4AD5-B7BC-34ABE39F8CA4}"
EndProject
Global
	GlobalSection(SolutionConfigurationPlatforms) = preSolution
		Debug|Any CPU = Debug|Any CPU
		Release|Any CPU = Release|Any CPU
	EndGlobalSection
	GlobalSection(ProjectConfigurationPlatforms) = postSolution
		{39A2B17E-6D2E-43B7-905C-C065C8FFBD1B}.Debug|Any CPU.ActiveCfg = Debug|Any CPU
		{39A2B17E-6D2E-43B7-905C-C065C8FFBD1B}.Debug|Any CPU.Build.0 = Debug|Any CPU
		{39A2B17E-6D2E-43B7-905C-C065C8FFBD1B}.Release|Any CPU.ActiveCfg = Release|Any CPU
		{39A2B17E-6D2E-43B7-905C-C065C8FFBD1B}.Release|Any CPU.Build.0 = Release|Any CPU
		{DD453D7E-C1D0-4AD5-B7BC-34ABE39F8CA4}.Debug|Any CPU.ActiveCfg = Debug|Any CPU
		{DD453D7E-C1D0-4AD5-B7BC-34ABE39F8CA4}.Debug|Any CPU.Build.0 = Debug|Any CPU
		{DD453D7E-C1D0-4AD5-B7BC-34ABE39F8CA4}.Release|Any CPU.ActiveCfg = Release|Any CPU
		{DD453D7E-C1D0-4AD5-B7BC-34ABE39F8CA4}.Release|Any CPU.Build.0 = Release|Any CPU
	EndGlobalSection
	GlobalSection(SolutionProperties) = preSolution
		HideSolutionNode = FALSE
	EndGlobalSection
EndGlobal
